PODS:
  - EFFoundation/Core (1.4.9)
  - EFNavigationBar (5.2.2):
    - EFFoundation/Core

DEPENDENCIES:
  - EFNavigationBar (from `../`)

SPEC REPOS:
  trunk:
    - EFFoundation

EXTERNAL SOURCES:
  EFNavigationBar:
    :path: "../"

SPEC CHECKSUMS:
  EFFoundation: ca61de582cd5b6f3516b43c0f7b364222cbf8e4b
  EFNavigationBar: 18183b6882dd4ce8b30233a7f9c09f67b9f2fdc2

PODFILE CHECKSUM: 1d51cde2471e7e240d47bb19c2c1dd2ac2b0e4be

COCOAPODS: 1.15.2
